
Microsoft Visual Studio Solution File, Format Version 12.00
# Visual Studio Version 17
VisualStudioVersion = 17.11.35312.102
MinimumVisualStudioVersion = 10.0.40219.1
Project("{FAE04EC0-301F-11D3-BF4B-00C04F79EFBC}") = "ToDoListCh3", "ToDoListCh3\ToDoListCh3.csproj", "{DD049734-8186-4791-8DF3-C6CBB0ECAFB3}"
EndProject
Global
	GlobalSection(SolutionConfigurationPlatforms) = preSolution
		Debug|Any CPU = Debug|Any CPU
		Release|Any CPU = Release|Any CPU
	EndGlobalSection
	GlobalSection(ProjectConfigurationPlatforms) = postSolution
		{DD049734-8186-4791-8DF3-C6CBB0ECAFB3}.Debug|Any CPU.ActiveCfg = Debug|Any CPU
		{DD049734-8186-4791-8DF3-C6CBB0ECAFB3}.Debug|Any CPU.Build.0 = Debug|Any CPU
		{DD049734-8186-4791-8DF3-C6CBB0ECAFB3}.Release|Any CPU.ActiveCfg = Release|Any CPU
		{DD049734-8186-4791-8DF3-C6CBB0ECAFB3}.Release|Any CPU.Build.0 = Release|Any CPU
	EndGlobalSection
	GlobalSection(SolutionProperties) = preSolution
		HideSolutionNode = FALSE
	EndGlobalSection
	GlobalSection(ExtensibilityGlobals) = postSolution
		SolutionGuid = {6A7D6D06-44EB-4DB3-A7C6-C5F85C40FB7D}
	EndGlobalSection
EndGlobal
